// !$*UTF8*$!
{
	archiveVersion = 1;
	classes = {
	};
	objectVersion = 50;
	objects = {

/* Begin PBXBuildFile section */
		6D7F09412371260E00A2F2BF /* sword-slash1.mp3 in Resources */ = {isa = PBXBuildFile; fileRef = 6D7F09402371260E00A2F2BF /* sword-slash1.mp3 */; };
		6D7F09442371586800A2F2BF /* sword-slash2.mp3 in Resources */ = {isa = PBXBuildFile; fileRef = 6D7F09422371586800A2F2BF /* sword-slash2.mp3 */; };
		6D7F09452371586800A2F2BF /* sword-slash3.mp3 in Resources */ = {isa = PBXBuildFile; fileRef = 6D7F09432371586800A2F2BF /* sword-slash3.mp3 */; };
		6DC8F8FA237102C1000D12FD /* AppDelegate.swift in Sources */ = {isa = PBXBuildFile; fileRef = 6DC8F8F9237102C1000D12FD /* AppDelegate.swift */; };
		6DC8F8FC237102C1000D12FD /* SceneDelegate.swift in Sources */ = {isa = PBXBuildFile; fileRef = 6DC8F8FB237102C1000D12FD /* SceneDelegate.swift */; };
		6DC8F8FE237102C1000D12FD /* ViewController.swift in Sources */ = {isa = PBXBuildFile; fileRef = 6DC8F8FD237102C1000D12FD /* ViewController.swift */; };
		6DC8F901237102C1000D12FD /* Main.storyboard in Resources */ = {isa = PBXBuildFile; fileRef = 6DC8F8FF237102C1000D12FD /* Main.storyboard */; };
		6DC8F903237102C2000D12FD /* Assets.xcassets in Resources */ = {isa = PBXBuildFile; fileRef = 6DC8F902237102C2000D12FD /* Assets.xcassets */; };
		6DC8F906237102C2000D12FD /* LaunchScreen.storyboard in Resources */ = {isa = PBXBuildFile; fileRef = 6DC8F904237102C2000D12FD /* LaunchScreen.storyboard */; };
		6DC8F911237102C2000D12FD /* SoundSampleTests.swift in Sources */ = {isa = PBXBuildFile; fileRef = 6DC8F910237102C2000D12FD /* SoundSampleTests.swift */; };
		6DC8F91C237102C3000D12FD /* SoundSampleUITests.swift in Sources */ = {isa = PBXBuildFile; fileRef = 6DC8F91B237102C3000D12FD /* SoundSampleUITests.swift */; };
/* End PBXBuildFile section */

/* Begin PBXContainerItemProxy section */
		6DC8F90D237102C2000D12FD /* PBXContainerItemProxy */ = {
			isa = PBXContainerItemProxy;
			containerPortal = 6DC8F8EE237102C0000D12FD /* Project object */;
			proxyType = 1;
			remoteGlobalIDString = 6DC8F8F5237102C0000D12FD;
			remoteInfo = SoundSample;
		};
		6DC8F918237102C3000D12FD /* PBXContainerItemProxy */ = {
			isa = PBXContainerItemProxy;
			containerPortal = 6DC8F8EE237102C0000D12FD /* Project object */;
			proxyType = 1;
			remoteGlobalIDString = 6DC8F8F5237102C0000D12FD;
			remoteInfo = SoundSample;
		};
/* End PBXContainerItemProxy section */

/* Begin PBXFileReference section */
		6D7F09402371260E00A2F2BF /* sword-slash1.mp3 */ = {isa = PBXFileReference; lastKnownFileType = audio.mp3; name = "sword-slash1.mp3"; path = "../../../../../Desktop/sword-slash1.mp3"; sourceTree = "<group>"; };
		6D7F09422371586800A2F2BF /* sword-slash2.mp3 */ = {isa = PBXFileReference; lastKnownFileType = audio.mp3; name = "sword-slash2.mp3"; path = "../../../../../Desktop/sword-slash2.mp3"; sourceTree = "<group>"; };
		6D7F09432371586800A2F2BF /* sword-slash3.mp3 */ = {isa = PBXFileReference; lastKnownFileType = audio.mp3; name = "sword-slash3.mp3"; path = "../../../../../Desktop/sword-slash3.mp3"; sourceTree = "<group>"; };
		6DC8F8F6237102C1000D12FD /* SoundSample.app */ = {isa = PBXFileReference; explicitFileType = wrapper.application; includeInIndex = 0; path = SoundSample.app; sourceTree = BUILT_PRODUCTS_DIR; };
		6DC8F8F9237102C1000D12FD /* AppDelegate.swift */ = {isa = PBXFileReference; lastKnownFileType = sourcecode.swift; path = AppDelegate.swift; sourceTree = "<group>"; };
		6DC8F8FB237102C1000D12FD /* SceneDelegate.swift */ = {isa = PBXFileReference; lastKnownFileType = sourcecode.swift; path = SceneDelegate.swift; sourceTree = "<group>"; };
		6DC8F8FD237102C1000D12FD /* ViewController.swift */ = {isa = PBXFileReference; lastKnownFileType = sourcecode.swift; path = ViewController.swift; sourceTree = "<group>"; };
		6DC8F900237102C1000D12FD /* Base */ = {isa = PBXFileReference; lastKnownFileType = file.storyboard; name = Base; path = Base.lproj/Main.storyboard; sourceTree = "<group>"; };
		6DC8F902237102C2000D12FD /* Assets.xcassets */ = {isa = PBXFileReference; lastKnownFileType = folder.assetcatalog; path = Assets.xcassets; sourceTree = "<group>"; };
		6DC8F905237102C2000D12FD /* Base */ = {isa = PBXFileReference; lastKnownFileType = file.storyboard; name = Base; path = Base.lproj/LaunchScreen.storyboard; sourceTree = "<group>"; };
		6DC8F907237102C2000D12FD /* Info.plist */ = {isa = PBXFileReference; lastKnownFileType = text.plist.xml; path = Info.plist; sourceTree = "<group>"; };
		6DC8F90C237102C2000D12FD /* SoundSampleTests.xctest */ = {isa = PBXFileReference; explicitFileType = wrapper.cfbundle; includeInIndex = 0; path = SoundSampleTests.xctest; sourceTree = BUILT_PRODUCTS_DIR; };
		6DC8F910237102C2000D12FD /* SoundSampleTests.swift */ = {isa = PBXFileReference; lastKnownFileType = sourcecode.swift; path = SoundSampleTests.swift; sourceTree = "<group>"; };
		6DC8F912237102C2000D12FD /* Info.plist */ = {isa = PBXFileReference; lastKnownFileType = text.plist.xml; path = Info.plist; sourceTree = "<group>"; };
		6DC8F917237102C3000D12FD /* SoundSampleUITests.xctest */ = {isa = PBXFileReference; explicitFileType = wrapper.cfbundle; includeInIndex = 0; path = SoundSampleUITests.xctest; sourceTree = BUILT_PRODUCTS_DIR; };
		6DC8F91B237102C3000D12FD /* SoundSampleUITests.swift */ = {isa = PBXFileReference; lastKnownFileType = sourcecode.swift; path = SoundSampleUITests.swift; sourceTree = "<group>"; };
		6DC8F91D237102C3000D12FD /* Info.plist */ = {isa = PBXFileReference; lastKnownFileType = text.plist.xml; path = Info.plist; sourceTree = "<group>"; };
/* End PBXFileReference section */

/* Begin PBXFrameworksBuildPhase section */
		6DC8F8F3237102C0000D12FD /* Frameworks */ = {
			isa = PBXFrameworksBuildPhase;
			buildActionMask = 2147483647;
			files = (
			);
			runOnlyForDeploymentPostprocessing = 0;
		};
		6DC8F909237102C2000D12FD /* Frameworks */ = {
			isa = PBXFrameworksBuildPhase;
			buildActionMask = 2147483647;
			files = (
			);
			runOnlyForDeploymentPostprocessing = 0;
		};
		6DC8F914237102C3000D12FD /* Frameworks */ = {
			isa = PBXFrameworksBuildPhase;
			buildActionMask = 2147483647;
			files = (
			);
			runOnlyForDeploymentPostprocessing = 0;
		};
/* End PBXFrameworksBuildPhase section */

/* Begin PBXGroup section */
		6DC8F8ED237102C0000D12FD = {
			isa = PBXGroup;
			children = (
				6DC8F8F8237102C1000D12FD /* SoundSample */,
				6DC8F90F237102C2000D12FD /* SoundSampleTests */,
				6DC8F91A237102C3000D12FD /* SoundSampleUITests */,
				6DC8F8F7237102C1000D12FD /* Products */,
			);
			sourceTree = "<group>";
		};
		6DC8F8F7237102C1000D12FD /* Products */ = {
			isa = PBXGroup;
			children = (
				6DC8F8F6237102C1000D12FD /* SoundSample.app */,
				6DC8F90C237102C2000D12FD /* SoundSampleTests.xctest */,
				6DC8F917237102C3000D12FD /* SoundSampleUITests.xctest */,
			);
			name = Products;
			sourceTree = "<group>";
		};
		6DC8F8F8237102C1000D12FD /* SoundSample */ = {
			isa = PBXGroup;
			children = (
				6DC8F8F9237102C1000D12FD /* AppDelegate.swift */,
				6DC8F8FB237102C1000D12FD /* SceneDelegate.swift */,
				6DC8F8FD237102C1000D12FD /* ViewController.swift */,
				6D7F09402371260E00A2F2BF /* sword-slash1.mp3 */,
				6D7F09422371586800A2F2BF /* sword-slash2.mp3 */,
				6D7F09432371586800A2F2BF /* sword-slash3.mp3 */,
				6DC8F8FF237102C1000D12FD /* Main.storyboard */,
				6DC8F902237102C2000D12FD /* Assets.xcassets */,
				6DC8F904237102C2000D12FD /* LaunchScreen.storyboard */,
				6DC8F907237102C2000D12FD /* Info.plist */,
			);
			path = SoundSample;
			sourceTree = "<group>";
		};
		6DC8F90F237102C2000D12FD /* SoundSampleTests */ = {
			isa = PBXGroup;
			children = (
				6DC8F910237102C2000D12FD /* SoundSampleTests.swift */,
				6DC8F912237102C2000D12FD /* Info.plist */,
			);
			path = SoundSampleTests;
			sourceTree = "<group>";
		};
		6DC8F91A237102C3000D12FD /* SoundSampleUITests */ = {
			isa = PBXGroup;
			children = (
				6DC8F91B237102C3000D12FD /* SoundSampleUITests.swift */,
				6DC8F91D237102C3000D12FD /* Info.plist */,
			);
			path = SoundSampleUITests;
			sourceTree = "<group>";
		};
/* End PBXGroup section */

/* Begin PBXNativeTarget section */
		6DC8F8F5237102C0000D12FD /* SoundSample */ = {
			isa = PBXNativeTarget;
			buildConfigurationList = 6DC8F920237102C3000D12FD /* Build configuration list for PBXNativeTarget "SoundSample" */;
			buildPhases = (
				6DC8F8F2237102C0000D12FD /* Sources */,
				6DC8F8F3237102C0000D12FD /* Frameworks */,
				6DC8F8F4237102C0000D12FD /* Resources */,
			);
			buildRules = (
			);
			dependencies = (
			);
			name = SoundSample;
			productName = SoundSample;
			productReference = 6DC8F8F6237102C1000D12FD /* SoundSample.app */;
			productType = "com.apple.product-type.application";
		};
		6DC8F90B237102C2000D12FD /* SoundSampleTests */ = {
			isa = PBXNativeTarget;
			buildConfigurationList = 6DC8F923237102C3000D12FD /* Build configuration list for PBXNativeTarget "SoundSampleTests" */;
			buildPhases = (
				6DC8F908237102C2000D12FD /* Sources */,
				6DC8F909237102C2000D12FD /* Frameworks */,
				6DC8F90A237102C2000D12FD /* Resources */,
			);
			buildRules = (
			);
			dependencies = (
				6DC8F90E237102C2000D12FD /* PBXTargetDependency */,
			);
			name = SoundSampleTests;
			productName = SoundSampleTests;
			productReference = 6DC8F90C237102C2000D12FD /* SoundSampleTests.xctest */;
			productType = "com.apple.product-type.bundle.unit-test";
		};
		6DC8F916237102C3000D12FD /* SoundSampleUITests */ = {
			isa = PBXNativeTarget;
			buildConfigurationList = 6DC8F926237102C3000D12FD /* Build configuration list for PBXNativeTarget "SoundSampleUITests" */;
			buildPhases = (
				6DC8F913237102C3000D12FD /* Sources */,
				6DC8F914237102C3000D12FD /* Frameworks */,
				6DC8F915237102C3000D12FD /* Resources */,
			);
			buildRules = (
			);
			dependencies = (
				6DC8F919237102C3000D12FD /* PBXTargetDependency */,
			);
			name = SoundSampleUITests;
			productName = SoundSampleUITests;
			productReference = 6DC8F917237102C3000D12FD /* SoundSampleUITests.xctest */;
			productType = "com.apple.product-type.bundle.ui-testing";
		};
/* End PBXNativeTarget section */

/* Begin PBXProject section */
		6DC8F8EE237102C0000D12FD /* Project object */ = {
			isa = PBXProject;
			attributes = {
				LastSwiftUpdateCheck = 1120;
				LastUpgradeCheck = 1120;
				ORGANIZATIONNAME = "渡邉康太";
				TargetAttributes = {
					6DC8F8F5237102C0000D12FD = {
						CreatedOnToolsVersion = 11.2;
					};
					6DC8F90B237102C2000D12FD = {
						CreatedOnToolsVersion = 11.2;
						TestTargetID = 6DC8F8F5237102C0000D12FD;
					};
					6DC8F916237102C3000D12FD = {
						CreatedOnToolsVersion = 11.2;
						TestTargetID = 6DC8F8F5237102C0000D12FD;
					};
				};
			};
			buildConfigurationList = 6DC8F8F1237102C0000D12FD /* Build configuration list for PBXProject "SoundSample" */;
			compatibilityVersion = "Xcode 9.3";
			developmentRegion = en;
			hasScannedForEncodings = 0;
			knownRegions = (
				en,
				Base,
			);
			mainGroup = 6DC8F8ED237102C0000D12FD;
			productRefGroup = 6DC8F8F7237102C1000D12FD /* Products */;
			projectDirPath = "";
			projectRoot = "";
			targets = (
				6DC8F8F5237102C0000D12FD /* SoundSample */,
				6DC8F90B237102C2000D12FD /* SoundSampleTests */,
				6DC8F916237102C3000D12FD /* SoundSampleUITests */,
			);
		};
/* End PBXProject section */

/* Begin PBXResourcesBuildPhase section */
		6DC8F8F4237102C0000D12FD /* Resources */ = {
			isa = PBXResourcesBuildPhase;
			buildActionMask = 2147483647;
			files = (
				6D7F09452371586800A2F2BF /* sword-slash3.mp3 in Resources */,
				6D7F09442371586800A2F2BF /* sword-slash2.mp3 in Resources */,
				6DC8F906237102C2000D12FD /* LaunchScreen.storyboard in Resources */,
				6DC8F903237102C2000D12FD /* Assets.xcassets in Resources */,
				6D7F09412371260E00A2F2BF /* sword-slash1.mp3 in Resources */,
				6DC8F901237102C1000D12FD /* Main.storyboard in Resources */,
			);
			runOnlyForDeploymentPostprocessing = 0;
		};
		6DC8F90A237102C2000D12FD /* Resources */ = {
			isa = PBXResourcesBuildPhase;
			buildActionMask = 2147483647;
			files = (
			);
			runOnlyForDeploymentPostprocessing = 0;
		};
		6DC8F915237102C3000D12FD /* Resources */ = {
			isa = PBXResourcesBuildPhase;
			buildActionMask = 2147483647;
			files = (
			);
			runOnlyForDeploymentPostprocessing = 0;
		};
/* End PBXResourcesBuildPhase section */

/* Begin PBXSourcesBuildPhase section */
		6DC8F8F2237102C0000D12FD /* Sources */ = {
			isa = PBXSourcesBuildPhase;
			buildActionMask = 2147483647;
			files = (
				6DC8F8FE237102C1000D12FD /* ViewController.swift in Sources */,
				6DC8F8FA237102C1000D12FD /* AppDelegate.swift in Sources */,
				6DC8F8FC237102C1000D12FD /* SceneDelegate.swift in Sources */,
			);
			runOnlyForDeploymentPostprocessing = 0;
		};
		6DC8F908237102C2000D12FD /* Sources */ = {
			isa = PBXSourcesBuildPhase;
			buildActionMask = 2147483647;
			files = (
				6DC8F911237102C2000D12FD /* SoundSampleTests.swift in Sources */,
			);
			runOnlyForDeploymentPostprocessing = 0;
		};
		6DC8F913237102C3000D12FD /* Sources */ = {
			isa = PBXSourcesBuildPhase;
			buildActionMask = 2147483647;
			files = (
				6DC8F91C237102C3000D12FD /* SoundSampleUITests.swift in Sources */,
			);
			runOnlyForDeploymentPostprocessing = 0;
		};
/* End PBXSourcesBuildPhase section */

/* Begin PBXTargetDependency section */
		6DC8F90E237102C2000D12FD /* PBXTargetDependency */ = {
			isa = PBXTargetDependency;
			target = 6DC8F8F5237102C0000D12FD /* SoundSample */;
			targetProxy = 6DC8F90D237102C2000D12FD /* PBXContainerItemProxy */;
		};
		6DC8F919237102C3000D12FD /* PBXTargetDependency */ = {
			isa = PBXTargetDependency;
			target = 6DC8F8F5237102C0000D12FD /* SoundSample */;
			targetProxy = 6DC8F918237102C3000D12FD /* PBXContainerItemProxy */;
		};
/* End PBXTargetDependency section */

/* Begin PBXVariantGroup section */
		6DC8F8FF237102C1000D12FD /* Main.storyboard */ = {
			isa = PBXVariantGroup;
			children = (
				6DC8F900237102C1000D12FD /* Base */,
			);
			name = Main.storyboard;
			sourceTree = "<group>";
		};
		6DC8F904237102C2000D12FD /* LaunchScreen.storyboard */ = {
			isa = PBXVariantGroup;
			children = (
				6DC8F905237102C2000D12FD /* Base */,
			);
			name = LaunchScreen.storyboard;
			sourceTree = "<group>";
		};
/* End PBXVariantGroup section */

/* Begin XCBuildConfiguration section */
		6DC8F91E237102C3000D12FD /* Debug */ = {
			isa = XCBuildConfiguration;
			buildSettings = {
				ALWAYS_SEARCH_USER_PATHS = NO;
				CLANG_ANALYZER_NONNULL = YES;
				CLANG_ANALYZER_NUMBER_OBJECT_CONVERSION = YES_AGGRESSIVE;
				CLANG_CXX_LANGUAGE_STANDARD = "gnu++14";
				CLANG_CXX_LIBRARY = "libc++";
				CLANG_ENABLE_MODULES = YES;
				CLANG_ENABLE_OBJC_ARC = YES;
				CLANG_ENABLE_OBJC_WEAK = YES;
				CLANG_WARN_BLOCK_CAPTURE_AUTORELEASING = YES;
				CLANG_WARN_BOOL_CONVERSION = YES;
				CLANG_WARN_COMMA = YES;
				CLANG_WARN_CONSTANT_CONVERSION = YES;
				CLANG_WARN_DEPRECATED_OBJC_IMPLEMENTATIONS = YES;
				CLANG_WARN_DIRECT_OBJC_ISA_USAGE = YES_ERROR;
				CLANG_WARN_DOCUMENTATION_COMMENTS = YES;
				CLANG_WARN_EMPTY_BODY = YES;
				CLANG_WARN_ENUM_CONVERSION = YES;
				CLANG_WARN_INFINITE_RECURSION = YES;
				CLANG_WARN_INT_CONVERSION = YES;
				CLANG_WARN_NON_LITERAL_NULL_CONVERSION = YES;
				CLANG_WARN_OBJC_IMPLICIT_RETAIN_SELF = YES;
				CLANG_WARN_OBJC_LITERAL_CONVERSION = YES;
				CLANG_WARN_OBJC_ROOT_CLASS = YES_ERROR;
				CLANG_WARN_RANGE_LOOP_ANALYSIS = YES;
				CLANG_WARN_STRICT_PROTOTYPES = YES;
				CLANG_WARN_SUSPICIOUS_MOVE = YES;
				CLANG_WARN_UNGUARDED_AVAILABILITY = YES_AGGRESSIVE;
				CLANG_WARN_UNREACHABLE_CODE = YES;
				CLANG_WARN__DUPLICATE_METHOD_MATCH = YES;
				COPY_PHASE_STRIP = NO;
				DEBUG_INFORMATION_FORMAT = dwarf;
				ENABLE_STRICT_OBJC_MSGSEND = YES;
				ENABLE_TESTABILITY = YES;
				GCC_C_LANGUAGE_STANDARD = gnu11;
				GCC_DYNAMIC_NO_PIC = NO;
				GCC_NO_COMMON_BLOCKS = YES;
				GCC_OPTIMIZATION_LEVEL = 0;
				GCC_PREPROCESSOR_DEFINITIONS = (
					"DEBUG=1",
					"$(inherited)",
				);
				GCC_WARN_64_TO_32_BIT_CONVERSION = YES;
				GCC_WARN_ABOUT_RETURN_TYPE = YES_ERROR;
				GCC_WARN_UNDECLARED_SELECTOR = YES;
				GCC_WARN_UNINITIALIZED_AUTOS = YES_AGGRESSIVE;
				GCC_WARN_UNUSED_FUNCTION = YES;
				GCC_WARN_UNUSED_VARIABLE = YES;
				IPHONEOS_DEPLOYMENT_TARGET = 13.1;
				MTL_ENABLE_DEBUG_INFO = INCLUDE_SOURCE;
				MTL_FAST_MATH = YES;
				ONLY_ACTIVE_ARCH = YES;
				SDKROOT = iphoneos;
				SWIFT_ACTIVE_COMPILATION_CONDITIONS = DEBUG;
				SWIFT_OPTIMIZATION_LEVEL = "-Onone";
			};
			name = Debug;
		};
		6DC8F91F237102C3000D12FD /* Release */ = {
			isa = XCBuildConfiguration;
			buildSettings = {
				ALWAYS_SEARCH_USER_PATHS = NO;
				CLANG_ANALYZER_NONNULL = YES;
				CLANG_ANALYZER_NUMBER_OBJECT_CONVERSION = YES_AGGRESSIVE;
				CLANG_CXX_LANGUAGE_STANDARD = "gnu++14";
				CLANG_CXX_LIBRARY = "libc++";
				CLANG_ENABLE_MODULES = YES;
				CLANG_ENABLE_OBJC_ARC = YES;
				CLANG_ENABLE_OBJC_WEAK = YES;
				CLANG_WARN_BLOCK_CAPTURE_AUTORELEASING = YES;
				CLANG_WARN_BOOL_CONVERSION = YES;
				CLANG_WARN_COMMA = YES;
				CLANG_WARN_CONSTANT_CONVERSION = YES;
				CLANG_WARN_DEPRECATED_OBJC_IMPLEMENTATIONS = YES;
				CLANG_WARN_DIRECT_OBJC_ISA_USAGE = YES_ERROR;
				CLANG_WARN_DOCUMENTATION_COMMENTS = YES;
				CLANG_WARN_EMPTY_BODY = YES;
				CLANG_WARN_ENUM_CONVERSION = YES;
				CLANG_WARN_INFINITE_RECURSION = YES;
				CLANG_WARN_INT_CONVERSION = YES;
				CLANG_WARN_NON_LITERAL_NULL_CONVERSION = YES;
				CLANG_WARN_OBJC_IMPLICIT_RETAIN_SELF = YES;
				CLANG_WARN_OBJC_LITERAL_CONVERSION = YES;
				CLANG_WARN_OBJC_ROOT_CLASS = YES_ERROR;
				CLANG_WARN_RANGE_LOOP_ANALYSIS = YES;
				CLANG_WARN_STRICT_PROTOTYPES = YES;
				CLANG_WARN_SUSPICIOUS_MOVE = YES;
				CLANG_WARN_UNGUARDED_AVAILABILITY = YES_AGGRESSIVE;
				CLANG_WARN_UNREACHABLE_CODE = YES;
				CLANG_WARN__DUPLICATE_METHOD_MATCH = YES;
				COPY_PHASE_STRIP = NO;
				DEBUG_INFORMATION_FORMAT = "dwarf-with-dsym";
				ENABLE_NS_ASSERTIONS = NO;
				ENABLE_STRICT_OBJC_MSGSEND = YES;
				GCC_C_LANGUAGE_STANDARD = gnu11;
				GCC_NO_COMMON_BLOCKS = YES;
				GCC_WARN_64_TO_32_BIT_CONVERSION = YES;
				GCC_WARN_ABOUT_RETURN_TYPE = YES_ERROR;
				GCC_WARN_UNDECLARED_SELECTOR = YES;
				GCC_WARN_UNINITIALIZED_AUTOS = YES_AGGRESSIVE;
				GCC_WARN_UNUSED_FUNCTION = YES;
				GCC_WARN_UNUSED_VARIABLE = YES;
				IPHONEOS_DEPLOYMENT_TARGET = 13.1;
				MTL_ENABLE_DEBUG_INFO = NO;
				MTL_FAST_MATH = YES;
				SDKROOT = iphoneos;
				SWIFT_COMPILATION_MODE = wholemodule;
				SWIFT_OPTIMIZATION_LEVEL = "-O";
				VALIDATE_PRODUCT = YES;
			};
			name = Release;
		};
		6DC8F921237102C3000D12FD /* Debug */ = {
			isa = XCBuildConfiguration;
			buildSettings = {
				ASSETCATALOG_COMPILER_APPICON_NAME = AppIcon;
				CODE_SIGN_STYLE = Automatic;
				DEVELOPMENT_TEAM = 6ALK635DYF;
				INFOPLIST_FILE = SoundSample/Info.plist;
				LD_RUNPATH_SEARCH_PATHS = (
					"$(inherited)",
					"@executable_path/Frameworks",
				);
				PRODUCT_BUNDLE_IDENTIFIER = watkot.SoundSample;
				PRODUCT_NAME = "$(TARGET_NAME)";
				SWIFT_VERSION = 5.0;
				TARGETED_DEVICE_FAMILY = "1,2";
			};
			name = Debug;
		};
		6DC8F922237102C3000D12FD /* Release */ = {
			isa = XCBuildConfiguration;
			buildSettings = {
				ASSETCATALOG_COMPILER_APPICON_NAME = AppIcon;
				CODE_SIGN_STYLE = Automatic;
				DEVELOPMENT_TEAM = 6ALK635DYF;
				INFOPLIST_FILE = SoundSample/Info.plist;
				LD_RUNPATH_SEARCH_PATHS = (
					"$(inherited)",
					"@executable_path/Frameworks",
				);
				PRODUCT_BUNDLE_IDENTIFIER = watkot.SoundSample;
				PRODUCT_NAME = "$(TARGET_NAME)";
				SWIFT_VERSION = 5.0;
				TARGETED_DEVICE_FAMILY = "1,2";
			};
			name = Release;
		};
		6DC8F924237102C3000D12FD /* Debug */ = {
			isa = XCBuildConfiguration;
			buildSettings = {
				ALWAYS_EMBED_SWIFT_STANDARD_LIBRARIES = YES;
				BUNDLE_LOADER = "$(TEST_HOST)";
				CODE_SIGN_STYLE = Automatic;
				DEVELOPMENT_TEAM = 6ALK635DYF;
				INFOPLIST_FILE = SoundSampleTests/Info.plist;
				IPHONEOS_DEPLOYMENT_TARGET = 13.2;
				LD_RUNPATH_SEARCH_PATHS = (
					"$(inherited)",
					"@executable_path/Frameworks",
					"@loader_path/Frameworks",
				);
				PRODUCT_BUNDLE_IDENTIFIER = watkot.SoundSampleTests;
				PRODUCT_NAME = "$(TARGET_NAME)";
				SWIFT_VERSION = 5.0;
				TARGETED_DEVICE_FAMILY = "1,2";
				TEST_HOST = "$(BUILT_PRODUCTS_DIR)/SoundSample.app/SoundSample";
			};
			name = Debug;
		};
		6DC8F925237102C3000D12FD /* Release */ = {
			isa = XCBuildConfiguration;
			buildSettings = {
				ALWAYS_EMBED_SWIFT_STANDARD_LIBRARIES = YES;
				BUNDLE_LOADER = "$(TEST_HOST)";
				CODE_SIGN_STYLE = Automatic;
				DEVELOPMENT_TEAM = 6ALK635DYF;
				INFOPLIST_FILE = SoundSampleTests/Info.plist;
				IPHONEOS_DEPLOYMENT_TARGET = 13.2;
				LD_RUNPATH_SEARCH_PATHS = (
					"$(inherited)",
					"@executable_path/Frameworks",
					"@loader_path/Frameworks",
				);
				PRODUCT_BUNDLE_IDENTIFIER = watkot.SoundSampleTests;
				PRODUCT_NAME = "$(TARGET_NAME)";
				SWIFT_VERSION = 5.0;
				TARGETED_DEVICE_FAMILY = "1,2";
				TEST_HOST = "$(BUILT_PRODUCTS_DIR)/SoundSample.app/SoundSample";
			};
			name = Release;
		};
		6DC8F927237102C3000D12FD /* Debug */ = {
			isa = XCBuildConfiguration;
			buildSettings = {
				ALWAYS_EMBED_SWIFT_STANDARD_LIBRARIES = YES;
				CODE_SIGN_STYLE = Automatic;
				DEVELOPMENT_TEAM = 6ALK635DYF;
				INFOPLIST_FILE = SoundSampleUITests/Info.plist;
				LD_RUNPATH_SEARCH_PATHS = (
					"$(inherited)",
					"@executable_path/Frameworks",
					"@loader_path/Frameworks",
				);
				PRODUCT_BUNDLE_IDENTIFIER = watkot.SoundSampleUITests;
				PRODUCT_NAME = "$(TARGET_NAME)";
				SWIFT_VERSION = 5.0;
				TARGETED_DEVICE_FAMILY = "1,2";
				TEST_TARGET_NAME = SoundSample;
			};
			name = Debug;
		};
		6DC8F928237102C3000D12FD /* Release */ = {
			isa = XCBuildConfiguration;
			buildSettings = {
				ALWAYS_EMBED_SWIFT_STANDARD_LIBRARIES = YES;
				CODE_SIGN_STYLE = Automatic;
				DEVELOPMENT_TEAM = 6ALK635DYF;
				INFOPLIST_FILE = SoundSampleUITests/Info.plist;
				LD_RUNPATH_SEARCH_PATHS = (
					"$(inherited)",
					"@executable_path/Frameworks",
					"@loader_path/Frameworks",
				);
				PRODUCT_BUNDLE_IDENTIFIER = watkot.SoundSampleUITests;
				PRODUCT_NAME = "$(TARGET_NAME)";
				SWIFT_VERSION = 5.0;
				TARGETED_DEVICE_FAMILY = "1,2";
				TEST_TARGET_NAME = SoundSample;
			};
			name = Release;
		};
/* End XCBuildConfiguration section */

/* Begin XCConfigurationList section */
		6DC8F8F1237102C0000D12FD /* Build configuration list for PBXProject "SoundSample" */ = {
			isa = XCConfigurationList;
			buildConfigurations = (
				6DC8F91E237102C3000D12FD /* Debug */,
				6DC8F91F237102C3000D12FD /* Release */,
			);
			defaultConfigurationIsVisible = 0;
			defaultConfigurationName = Release;
		};
		6DC8F920237102C3000D12FD /* Build configuration list for PBXNativeTarget "SoundSample" */ = {
			isa = XCConfigurationList;
			buildConfigurations = (
				6DC8F921237102C3000D12FD /* Debug */,
				6DC8F922237102C3000D12FD /* Release */,
			);
			defaultConfigurationIsVisible = 0;
			defaultConfigurationName = Release;
		};
		6DC8F923237102C3000D12FD /* Build configuration list for PBXNativeTarget "SoundSampleTests" */ = {
			isa = XCConfigurationList;
			buildConfigurations = (
				6DC8F924237102C3000D12FD /* Debug */,
				6DC8F925237102C3000D12FD /* Release */,
			);
			defaultConfigurationIsVisible = 0;
			defaultConfigurationName = Release;
		};
		6DC8F926237102C3000D12FD /* Build configuration list for PBXNativeTarget "SoundSampleUITests" */ = {
			isa = XCConfigurationList;
			buildConfigurations = (
				6DC8F927237102C3000D12FD /* Debug */,
				6DC8F928237102C3000D12FD /* Release */,
			);
			defaultConfigurationIsVisible = 0;
			defaultConfigurationName = Release;
		};
/* End XCConfigurationList section */
	};
	rootObject = 6DC8F8EE237102C0000D12FD /* Project object */;
}
